
Microsoft Visual Studio Solution File, Format Version 12.00
# Visual Studio 15
VisualStudioVersion = 15.0.27130.2027
MinimumVisualStudioVersion = 10.0.40219.1
Project("{FAE04EC0-301F-11D3-BF4B-00C04F79EFBC}") = "Cherwell", "Cherwell\Cherwell.csproj", "{DED5B258-B161-4218-83B1-9B34ABD136C5}"
EndProject
Global
	GlobalSection(SolutionConfigurationPlatforms) = preSolution
		Debug|Any CPU = Debug|Any CPU
		Release|Any CPU = Release|Any CPU
	EndGlobalSection
	GlobalSection(ProjectConfigurationPlatforms) = postSolution
		{DED5B258-B161-4218-83B1-9B34ABD136C5}.Debug|Any CPU.ActiveCfg = Debug|Any CPU
		{DED5B258-B161-4218-83B1-9B34ABD136C5}.Debug|Any CPU.Build.0 = Debug|Any CPU
		{DED5B258-B161-4218-83B1-9B34ABD136C5}.Release|Any CPU.ActiveCfg = Release|Any CPU
		{DED5B258-B161-4218-83B1-9B34ABD136C5}.Release|Any CPU.Build.0 = Release|Any CPU
	EndGlobalSection
	GlobalSection(SolutionProperties) = preSolution
		HideSolutionNode = FALSE
	EndGlobalSection
	GlobalSection(ExtensibilityGlobals) = postSolution
		SolutionGuid = {81FDEFFE-52C6-4C3F-8A62-18A36DEBF921}
	EndGlobalSection
EndGlobal
